
Microsoft Visual Studio Solution File, Format Version 12.00
# Visual Studio Version 17
VisualStudioVersion = 17.6.33723.286
MinimumVisualStudioVersion = 10.0.40219.1
Project("{9A19103F-16F7-4668-BE54-9A1E7A4F7556}") = "TabsAndPersonalPages", "src\TabsAndPersonalPages\TabsAndPersonalPages.csproj", "{990FB9C3-088C-45FB-B83E-7A2B2E955FAA}"
EndProject
Global
	GlobalSection(SolutionConfigurationPlatforms) = preSolution
		Debug|Any CPU = Debug|Any CPU
		Release|Any CPU = Release|Any CPU
	EndGlobalSection
	GlobalSection(ProjectConfigurationPlatforms) = postSolution
		{990FB9C3-088C-45FB-B83E-7A2B2E955FAA}.Debug|Any CPU.ActiveCfg = Debug|Any CPU
		{990FB9C3-088C-45FB-B83E-7A2B2E955FAA}.Debug|Any CPU.Build.0 = Debug|Any CPU
		{990FB9C3-088C-45FB-B83E-7A2B2E955FAA}.Release|Any CPU.ActiveCfg = Release|Any CPU
		{990FB9C3-088C-45FB-B83E-7A2B2E955FAA}.Release|Any CPU.Build.0 = Release|Any CPU
	EndGlobalSection
	GlobalSection(SolutionProperties) = preSolution
		HideSolutionNode = FALSE
	EndGlobalSection
	GlobalSection(ExtensibilityGlobals) = postSolution
		SolutionGuid = {941519C1-A765-45D3-8886-A07A8577F184}
	EndGlobalSection
EndGlobal
